
Microsoft Visual Studio Solution File, Format Version 12.00
# Visual Studio 15
VisualStudioVersion = 15.0.28307.271
MinimumVisualStudioVersion = 10.0.40219.1
Project("{FAE04EC0-301F-11D3-BF4B-00C04F79EFBC}") = "Double linked list", "Double linked list\Double linked list.csproj", "{28FBE1BF-E5B1-46FC-86AC-BC6FE9C94AA9}"
EndProject
Global
	GlobalSection(SolutionConfigurationPlatforms) = preSolution
		Debug|Any CPU = Debug|Any CPU
		Release|Any CPU = Release|Any CPU
	EndGlobalSection
	GlobalSection(ProjectConfigurationPlatforms) = postSolution
		{28FBE1BF-E5B1-46FC-86AC-BC6FE9C94AA9}.Debug|Any CPU.ActiveCfg = Debug|Any CPU
		{28FBE1BF-E5B1-46FC-86AC-BC6FE9C94AA9}.Debug|Any CPU.Build.0 = Debug|Any CPU
		{28FBE1BF-E5B1-46FC-86AC-BC6FE9C94AA9}.Release|Any CPU.ActiveCfg = Release|Any CPU
		{28FBE1BF-E5B1-46FC-86AC-BC6FE9C94AA9}.Release|Any CPU.Build.0 = Release|Any CPU
	EndGlobalSection
	GlobalSection(SolutionProperties) = preSolution
		HideSolutionNode = FALSE
	EndGlobalSection
	GlobalSection(ExtensibilityGlobals) = postSolution
		SolutionGuid = {54CA2D4B-D0C5-4EE3-A79A-E64FC4F57E1D}
	EndGlobalSection
EndGlobal
